
Microsoft Visual Studio Solution File, Format Version 12.00
# Visual Studio Version 16
VisualStudioVersion = 16.0.32228.343
MinimumVisualStudioVersion = 10.0.40219.1
Project("{FAE04EC0-301F-11D3-BF4B-00C04F79EFBC}") = "application_gestion_etudiant", "application_gestion_etudiant\application_gestion_etudiant.csproj", "{3C33295F-DEC6-466A-BD50-D0A31DB62017}"
EndProject
Global
	GlobalSection(SolutionConfigurationPlatforms) = preSolution
		Debug|Any CPU = Debug|Any CPU
		Release|Any CPU = Release|Any CPU
	EndGlobalSection
	GlobalSection(ProjectConfigurationPlatforms) = postSolution
		{3C33295F-DEC6-466A-BD50-D0A31DB62017}.Debug|Any CPU.ActiveCfg = Debug|Any CPU
		{3C33295F-DEC6-466A-BD50-D0A31DB62017}.Debug|Any CPU.Build.0 = Debug|Any CPU
		{3C33295F-DEC6-466A-BD50-D0A31DB62017}.Release|Any CPU.ActiveCfg = Release|Any CPU
		{3C33295F-DEC6-466A-BD50-D0A31DB62017}.Release|Any CPU.Build.0 = Release|Any CPU
	EndGlobalSection
	GlobalSection(SolutionProperties) = preSolution
		HideSolutionNode = FALSE
	EndGlobalSection
	GlobalSection(ExtensibilityGlobals) = postSolution
		SolutionGuid = {BFD1C3F5-FB24-4A2F-B417-D65A36F23C9E}
	EndGlobalSection
EndGlobal
